
Microsoft Visual Studio Solution File, Format Version 12.00
# Visual Studio Version 16
VisualStudioVersion = 16.0.31025.194
MinimumVisualStudioVersion = 10.0.40219.1
Project("{FAE04EC0-301F-11D3-BF4B-00C04F79EFBC}") = "ProjetoWebMvcRestaurante", "ProjetoWebMvcRestaurante\ProjetoWebMvcRestaurante.csproj", "{FE8BE0BA-936C-4D21-8429-D9AC86DDF1EE}"
EndProject
Project("{FAE04EC0-301F-11D3-BF4B-00C04F79EFBC}") = "Data", "Data\Data.csproj", "{EC74783E-9CB6-44E3-9902-223A17ABAD89}"
EndProject
Project("{FAE04EC0-301F-11D3-BF4B-00C04F79EFBC}") = "Model", "Model\Model.csproj", "{796B166B-C78D-4964-A08A-1DA8D5D9718A}"
EndProject
Project("{FAE04EC0-301F-11D3-BF4B-00C04F79EFBC}") = "Util", "Util\Util.csproj", "{A423336A-116C-4D60-B212-1CA7CF7934EC}"
EndProject
Global
	GlobalSection(SolutionConfigurationPlatforms) = preSolution
		Debug|Any CPU = Debug|Any CPU
		Release|Any CPU = Release|Any CPU
	EndGlobalSection
	GlobalSection(ProjectConfigurationPlatforms) = postSolution
		{FE8BE0BA-936C-4D21-8429-D9AC86DDF1EE}.Debug|Any CPU.ActiveCfg = Debug|Any CPU
		{FE8BE0BA-936C-4D21-8429-D9AC86DDF1EE}.Debug|Any CPU.Build.0 = Debug|Any CPU
		{FE8BE0BA-936C-4D21-8429-D9AC86DDF1EE}.Release|Any CPU.ActiveCfg = Release|Any CPU
		{FE8BE0BA-936C-4D21-8429-D9AC86DDF1EE}.Release|Any CPU.Build.0 = Release|Any CPU
		{EC74783E-9CB6-44E3-9902-223A17ABAD89}.Debug|Any CPU.ActiveCfg = Debug|Any CPU
		{EC74783E-9CB6-44E3-9902-223A17ABAD89}.Debug|Any CPU.Build.0 = Debug|Any CPU
		{EC74783E-9CB6-44E3-9902-223A17ABAD89}.Release|Any CPU.ActiveCfg = Release|Any CPU
		{EC74783E-9CB6-44E3-9902-223A17ABAD89}.Release|Any CPU.Build.0 = Release|Any CPU
		{796B166B-C78D-4964-A08A-1DA8D5D9718A}.Debug|Any CPU.ActiveCfg = Debug|Any CPU
		{796B166B-C78D-4964-A08A-1DA8D5D9718A}.Debug|Any CPU.Build.0 = Debug|Any CPU
		{796B166B-C78D-4964-A08A-1DA8D5D9718A}.Release|Any CPU.ActiveCfg = Release|Any CPU
		{796B166B-C78D-4964-A08A-1DA8D5D9718A}.Release|Any CPU.Build.0 = Release|Any CPU
		{A423336A-116C-4D60-B212-1CA7CF7934EC}.Debug|Any CPU.ActiveCfg = Debug|Any CPU
		{A423336A-116C-4D60-B212-1CA7CF7934EC}.Debug|Any CPU.Build.0 = Debug|Any CPU
		{A423336A-116C-4D60-B212-1CA7CF7934EC}.Release|Any CPU.ActiveCfg = Release|Any CPU
		{A423336A-116C-4D60-B212-1CA7CF7934EC}.Release|Any CPU.Build.0 = Release|Any CPU
	EndGlobalSection
	GlobalSection(SolutionProperties) = preSolution
		HideSolutionNode = FALSE
	EndGlobalSection
	GlobalSection(ExtensibilityGlobals) = postSolution
		SolutionGuid = {3CCBCA9E-A3E9-482D-8CA6-6B5049CC6454}
	EndGlobalSection
EndGlobal
